
Microsoft Visual Studio Solution File, Format Version 12.00
# Visual Studio Version 17
VisualStudioVersion = 17.14.37710.0 d17.14
MinimumVisualStudioVersion = 10.0.40219.1
Project("{FAE04EC0-301F-11D3-BF4B-00C04F79EFBC}") = "RestaurantMenu", "RestaurantMenu\RestaurantMenu.csproj", "{FE81C385-82E0-4184-82E1-0D5AAB161166}"
EndProject
Global
	GlobalSection(SolutionConfigurationPlatforms) = preSolution
		Debug|Any CPU = Debug|Any CPU
		Release|Any CPU = Release|Any CPU
	EndGlobalSection
	GlobalSection(ProjectConfigurationPlatforms) = postSolution
		{FE81C385-82E0-4184-82E1-0D5AAB161166}.Debug|Any CPU.ActiveCfg = Debug|Any CPU
		{FE81C385-82E0-4184-82E1-0D5AAB161166}.Debug|Any CPU.Build.0 = Debug|Any CPU
		{FE81C385-82E0-4184-82E1-0D5AAB161166}.Release|Any CPU.ActiveCfg = Release|Any CPU
		{FE81C385-82E0-4184-82E1-0D5AAB161166}.Release|Any CPU.Build.0 = Release|Any CPU
	EndGlobalSection
	GlobalSection(SolutionProperties) = preSolution
		HideSolutionNode = FALSE
	EndGlobalSection
	GlobalSection(ExtensibilityGlobals) = postSolution
		SolutionGuid = {F71B93D6-D616-4D1C-8087-50F56D2C7E8D}
	EndGlobalSection
EndGlobal
